
Microsoft Visual Studio Solution File, Format Version 12.00
# Visual Studio 15
VisualStudioVersion = 15.0.27130.2027
MinimumVisualStudioVersion = 10.0.40219.1
Project("{FAE04EC0-301F-11D3-BF4B-00C04F79EFBC}") = "NameReader", "NameReader\NameReader.csproj", "{DBF093EF-7FD9-487E-A422-9E5D60523983}"
EndProject
Global
	GlobalSection(SolutionConfigurationPlatforms) = preSolution
		Debug|Any CPU = Debug|Any CPU
		Release|Any CPU = Release|Any CPU
	EndGlobalSection
	GlobalSection(ProjectConfigurationPlatforms) = postSolution
		{DBF093EF-7FD9-487E-A422-9E5D60523983}.Debug|Any CPU.ActiveCfg = Debug|Any CPU
		{DBF093EF-7FD9-487E-A422-9E5D60523983}.Debug|Any CPU.Build.0 = Debug|Any CPU
		{DBF093EF-7FD9-487E-A422-9E5D60523983}.Release|Any CPU.ActiveCfg = Release|Any CPU
		{DBF093EF-7FD9-487E-A422-9E5D60523983}.Release|Any CPU.Build.0 = Release|Any CPU
	EndGlobalSection
	GlobalSection(SolutionProperties) = preSolution
		HideSolutionNode = FALSE
	EndGlobalSection
	GlobalSection(ExtensibilityGlobals) = postSolution
		SolutionGuid = {4F187C73-377B-497A-8568-E621CF006DFD}
	EndGlobalSection
EndGlobal
